
Microsoft Visual Studio Solution File, Format Version 12.00
# Visual Studio Version 16
VisualStudioVersion = 16.0.30804.86
MinimumVisualStudioVersion = 10.0.40219.1
Project("{FAE04EC0-301F-11D3-BF4B-00C04F79EFBC}") = "AzureQueue", "AzureQueue\AzureQueue.csproj", "{89ABCF88-A365-4DFE-AF9C-EC1BB33CE962}"
EndProject
Global
	GlobalSection(SolutionConfigurationPlatforms) = preSolution
		Debug|Any CPU = Debug|Any CPU
		Release|Any CPU = Release|Any CPU
	EndGlobalSection
	GlobalSection(ProjectConfigurationPlatforms) = postSolution
		{89ABCF88-A365-4DFE-AF9C-EC1BB33CE962}.Debug|Any CPU.ActiveCfg = Debug|Any CPU
		{89ABCF88-A365-4DFE-AF9C-EC1BB33CE962}.Debug|Any CPU.Build.0 = Debug|Any CPU
		{89ABCF88-A365-4DFE-AF9C-EC1BB33CE962}.Release|Any CPU.ActiveCfg = Release|Any CPU
		{89ABCF88-A365-4DFE-AF9C-EC1BB33CE962}.Release|Any CPU.Build.0 = Release|Any CPU
	EndGlobalSection
	GlobalSection(SolutionProperties) = preSolution
		HideSolutionNode = FALSE
	EndGlobalSection
	GlobalSection(ExtensibilityGlobals) = postSolution
		SolutionGuid = {33CE903C-1C2E-4093-8660-AADBBD050B42}
	EndGlobalSection
EndGlobal
